// !$*UTF8*$!
{
	archiveVersion = 1;
	classes = {
	};
	objectVersion = 77;
	objects = {

/* Begin PBXBuildFile section */
		EE4972912E0B998A00D63C80 /* ZIPFoundation in Frameworks */ = {isa = PBXBuildFile; productRef = EE4972902E0B998A00D63C80 /* ZIPFoundation */; };
		EE4974F12E1B7C9700D63C80 /* Config.xcconfig in Resources */ = {isa = PBXBuildFile; fileRef = EE4974F02E1B7C9700D63C80 /* Config.xcconfig */; };
		EE497A002E2E95D000D63C80 /* Info.plist in Resources */ = {isa = PBXBuildFile; fileRef = EE497A012E2E95D000D63C80 /* Info.plist */; };
/* End PBXBuildFile section */

/* Begin PBXContainerItemProxy section */
		EE4972572E0B855C00D63C80 /* PBXContainerItemProxy */ = {
			isa = PBXContainerItemProxy;
			containerPortal = EE49723E2E0B855B00D63C80 /* Project object */;
			proxyType = 1;
			remoteGlobalIDString = EE4972452E0B855B00D63C80;
			remoteInfo = CardNewsApp;
		};
		EE4972612E0B855C00D63C80 /* PBXContainerItemProxy */ = {
			isa = PBXContainerItemProxy;
			containerPortal = EE49723E2E0B855B00D63C80 /* Project object */;
			proxyType = 1;
			remoteGlobalIDString = EE4972452E0B855B00D63C80;
			remoteInfo = CardNewsApp;
		};
/* End PBXContainerItemProxy section */

/* Begin PBXFileReference section */
		EE4972462E0B855B00D63C80 /* QuickCard.app */ = {isa = PBXFileReference; explicitFileType = wrapper.application; includeInIndex = 0; path = QuickCard.app; sourceTree = BUILT_PRODUCTS_DIR; };
		EE4972562E0B855C00D63C80 /* CardNewsAppTests.xctest */ = {isa = PBXFileReference; explicitFileType = wrapper.cfbundle; includeInIndex = 0; path = CardNewsAppTests.xctest; sourceTree = BUILT_PRODUCTS_DIR; };
		EE4972602E0B855C00D63C80 /* CardNewsAppUITests.xctest */ = {isa = PBXFileReference; explicitFileType = wrapper.cfbundle; includeInIndex = 0; path = CardNewsAppUITests.xctest; sourceTree = BUILT_PRODUCTS_DIR; };
		EE4974F02E1B7C9700D63C80 /* Config.xcconfig */ = {isa = PBXFileReference; lastKnownFileType = text.xcconfig; path = Config.xcconfig; sourceTree = "<group>"; };
		EE497A012E2E95D000D63C80 /* Info.plist */ = {isa = PBXFileReference; lastKnownFileType = text.plist.xml; path = "CardNewsApp/Info.plist"; sourceTree = "<group>"; };
/* End PBXFileReference section */

/* Begin PBXFileSystemSynchronizedRootGroup section */
		EE4972482E0B855B00D63C80 /* CardNewsApp */ = {
			isa = PBXFileSystemSynchronizedRootGroup;
			path = CardNewsApp;
			sourceTree = "<group>";
		};
		EE4972592E0B855C00D63C80 /* CardNewsAppTests */ = {
			isa = PBXFileSystemSynchronizedRootGroup;
			path = CardNewsAppTests;
			sourceTree = "<group>";
		};
		EE4972632E0B855C00D63C80 /* CardNewsAppUITests */ = {
			isa = PBXFileSystemSynchronizedRootGroup;
			path = CardNewsAppUITests;
			sourceTree = "<group>";
		};
/* End PBXFileSystemSynchronizedRootGroup section */

/* Begin PBXFrameworksBuildPhase section */
		EE4972432E0B855B00D63C80 /* Frameworks */ = {
			isa = PBXFrameworksBuildPhase;
			buildActionMask = 2147483647;
			files = (
				EE4972912E0B998A00D63C80 /* ZIPFoundation in Frameworks */,
			);
			runOnlyForDeploymentPostprocessing = 0;
		};
		EE4972532E0B855C00D63C80 /* Frameworks */ = {
			isa = PBXFrameworksBuildPhase;
			buildActionMask = 2147483647;
			files = (
			);
			runOnlyForDeploymentPostprocessing = 0;
		};
		EE49725D2E0B855C00D63C80 /* Frameworks */ = {
			isa = PBXFrameworksBuildPhase;
			buildActionMask = 2147483647;
			files = (
			);
			runOnlyForDeploymentPostprocessing = 0;
		};
/* End PBXFrameworksBuildPhase section */

/* Begin PBXGroup section */
		EE49723D2E0B855B00D63C80 = {
			isa = PBXGroup;
			children = (
				EE4972482E0B855B00D63C80 /* CardNewsApp */,
				EE4972592E0B855C00D63C80 /* CardNewsAppTests */,
				EE4972632E0B855C00D63C80 /* CardNewsAppUITests */,
				EE49728F2E0B998A00D63C80 /* Frameworks */,
				EE4972472E0B855B00D63C80 /* Products */,
				EE4974F02E1B7C9700D63C80 /* Config.xcconfig */,
				EE497A012E2E95D000D63C80 /* Info.plist */,
			);
			sourceTree = "<group>";
		};
		EE4972472E0B855B00D63C80 /* Products */ = {
			isa = PBXGroup;
			children = (
				EE4972462E0B855B00D63C80 /* QuickCard.app */,
				EE4972562E0B855C00D63C80 /* CardNewsAppTests.xctest */,
				EE4972602E0B855C00D63C80 /* CardNewsAppUITests.xctest */,
			);
			name = Products;
			sourceTree = "<group>";
		};
		EE49728F2E0B998A00D63C80 /* Frameworks */ = {
			isa = PBXGroup;
			children = (
			);
			name = Frameworks;
			sourceTree = "<group>";
		};
/* End PBXGroup section */

/* Begin PBXNativeTarget section */
		EE4972452E0B855B00D63C80 /* CardNewsApp */ = {
			isa = PBXNativeTarget;
			buildConfigurationList = EE49726A2E0B855C00D63C80 /* Build configuration list for PBXNativeTarget "CardNewsApp" */;
			buildPhases = (
				EE4972422E0B855B00D63C80 /* Sources */,
				EE4972432E0B855B00D63C80 /* Frameworks */,
				EE4972442E0B855B00D63C80 /* Resources */,
			);
			buildRules = (
			);
			dependencies = (
			);
			fileSystemSynchronizedGroups = (
				EE4972482E0B855B00D63C80 /* CardNewsApp */,
			);
			name = CardNewsApp;
			packageProductDependencies = (
				EE4972902E0B998A00D63C80 /* ZIPFoundation */,
			);
			productName = QuickCard;
			productReference = EE4972462E0B855B00D63C80 /* QuickCard.app */;
			productType = "com.apple.product-type.application";
		};
		EE4972552E0B855C00D63C80 /* CardNewsAppTests */ = {
			isa = PBXNativeTarget;
			buildConfigurationList = EE49726D2E0B855C00D63C80 /* Build configuration list for PBXNativeTarget "CardNewsAppTests" */;
			buildPhases = (
				EE4972522E0B855C00D63C80 /* Sources */,
				EE4972532E0B855C00D63C80 /* Frameworks */,
				EE4972542E0B855C00D63C80 /* Resources */,
			);
			buildRules = (
			);
			dependencies = (
				EE4972582E0B855C00D63C80 /* PBXTargetDependency */,
			);
			fileSystemSynchronizedGroups = (
				EE4972592E0B855C00D63C80 /* CardNewsAppTests */,
			);
			name = CardNewsAppTests;
			packageProductDependencies = (
			);
			productName = CardNewsAppTests;
			productReference = EE4972562E0B855C00D63C80 /* CardNewsAppTests.xctest */;
			productType = "com.apple.product-type.bundle.unit-test";
		};
		EE49725F2E0B855C00D63C80 /* CardNewsAppUITests */ = {
			isa = PBXNativeTarget;
			buildConfigurationList = EE4972702E0B855C00D63C80 /* Build configuration list for PBXNativeTarget "CardNewsAppUITests" */;
			buildPhases = (
				EE49725C2E0B855C00D63C80 /* Sources */,
				EE49725D2E0B855C00D63C80 /* Frameworks */,
				EE49725E2E0B855C00D63C80 /* Resources */,
			);
			buildRules = (
			);
			dependencies = (
				EE4972622E0B855C00D63C80 /* PBXTargetDependency */,
			);
			fileSystemSynchronizedGroups = (
				EE4972632E0B855C00D63C80 /* CardNewsAppUITests */,
			);
			name = CardNewsAppUITests;
			packageProductDependencies = (
			);
			productName = CardNewsAppUITests;
			productReference = EE4972602E0B855C00D63C80 /* CardNewsAppUITests.xctest */;
			productType = "com.apple.product-type.bundle.ui-testing";
		};
/* End PBXNativeTarget section */

/* Begin PBXProject section */
		EE49723E2E0B855B00D63C80 /* Project object */ = {
			isa = PBXProject;
			attributes = {
				BuildIndependentTargetsInParallel = 1;
				LastSwiftUpdateCheck = 1620;
				LastUpgradeCheck = 1620;
				TargetAttributes = {
					EE4972452E0B855B00D63C80 = {
						CreatedOnToolsVersion = 16.2;
					};
					EE4972552E0B855C00D63C80 = {
						CreatedOnToolsVersion = 16.2;
						TestTargetID = EE4972452E0B855B00D63C80;
					};
					EE49725F2E0B855C00D63C80 = {
						CreatedOnToolsVersion = 16.2;
						TestTargetID = EE4972452E0B855B00D63C80;
					};
				};
			};
			buildConfigurationList = EE4972412E0B855B00D63C80 /* Build configuration list for PBXProject "CardNewsApp" */;
			developmentRegion = en;
			hasScannedForEncodings = 0;
			knownRegions = (
				en,
				Base,
			);
			mainGroup = EE49723D2E0B855B00D63C80;
			minimizedProjectReferenceProxies = 1;
			packageReferences = (
				EE49728E2E0B98B800D63C80 /* XCRemoteSwiftPackageReference "ZIPFoundation" */,
			);
			preferredProjectObjectVersion = 77;
			productRefGroup = EE4972472E0B855B00D63C80 /* Products */;
			projectDirPath = "";
			projectRoot = "";
			targets = (
				EE4972452E0B855B00D63C80 /* CardNewsApp */,
				EE4972552E0B855C00D63C80 /* CardNewsAppTests */,
				EE49725F2E0B855C00D63C80 /* CardNewsAppUITests */,
			);
		};
/* End PBXProject section */

/* Begin PBXResourcesBuildPhase section */
		EE4972442E0B855B00D63C80 /* Resources */ = {
			isa = PBXResourcesBuildPhase;
			buildActionMask = 2147483647;
			files = (
				EE4974F12E1B7C9700D63C80 /* Config.xcconfig in Resources */,
				EE497A002E2E95D000D63C80 /* Info.plist in Resources */,
			);
			runOnlyForDeploymentPostprocessing = 0;
		};
		EE4972542E0B855C00D63C80 /* Resources */ = {
			isa = PBXResourcesBuildPhase;
			buildActionMask = 2147483647;
			files = (
			);
			runOnlyForDeploymentPostprocessing = 0;
		};
		EE49725E2E0B855C00D63C80 /* Resources */ = {
			isa = PBXResourcesBuildPhase;
			buildActionMask = 2147483647;
			files = (
			);
			runOnlyForDeploymentPostprocessing = 0;
		};
/* End PBXResourcesBuildPhase section */

/* Begin PBXSourcesBuildPhase section */
		EE4972422E0B855B00D63C80 /* Sources */ = {
			isa = PBXSourcesBuildPhase;
			buildActionMask = 2147483647;
			files = (
			);
			runOnlyForDeploymentPostprocessing = 0;
		};
		EE4972522E0B855C00D63C80 /* Sources */ = {
			isa = PBXSourcesBuildPhase;
			buildActionMask = 2147483647;
			files = (
			);
			runOnlyForDeploymentPostprocessing = 0;
		};
		EE49725C2E0B855C00D63C80 /* Sources */ = {
			isa = PBXSourcesBuildPhase;
			buildActionMask = 2147483647;
			files = (
			);
			runOnlyForDeploymentPostprocessing = 0;
		};
/* End PBXSourcesBuildPhase section */

/* Begin PBXTargetDependency section */
		EE4972582E0B855C00D63C80 /* PBXTargetDependency */ = {
			isa = PBXTargetDependency;
			target = EE4972452E0B855B00D63C80 /* CardNewsApp */;
			targetProxy = EE4972572E0B855C00D63C80 /* PBXContainerItemProxy */;
		};
		EE4972622E0B855C00D63C80 /* PBXTargetDependency */ = {
			isa = PBXTargetDependency;
			target = EE4972452E0B855B00D63C80 /* CardNewsApp */;
			targetProxy = EE4972612E0B855C00D63C80 /* PBXContainerItemProxy */;
		};
/* End PBXTargetDependency section */

/* Begin XCBuildConfiguration section */
		EE4972682E0B855C00D63C80 /* Debug */ = {
			isa = XCBuildConfiguration;
			buildSettings = {
				ALWAYS_SEARCH_USER_PATHS = NO;
				ASSETCATALOG_COMPILER_GENERATE_SWIFT_ASSET_SYMBOL_EXTENSIONS = YES;
				CLANG_ANALYZER_NONNULL = YES;
				CLANG_ANALYZER_NUMBER_OBJECT_CONVERSION = YES_AGGRESSIVE;
				CLANG_CXX_LANGUAGE_STANDARD = "gnu++20";
				CLANG_ENABLE_MODULES = YES;
				CLANG_ENABLE_OBJC_ARC = YES;
				CLANG_ENABLE_OBJC_WEAK = YES;
				CLANG_WARN_BLOCK_CAPTURE_AUTORELEASING = YES;
				CLANG_WARN_BOOL_CONVERSION = YES;
				CLANG_WARN_COMMA = YES;
				CLANG_WARN_CONSTANT_CONVERSION = YES;
				CLANG_WARN_DEPRECATED_OBJC_IMPLEMENTATIONS = YES;
				CLANG_WARN_DIRECT_OBJC_ISA_USAGE = YES_ERROR;
				CLANG_WARN_DOCUMENTATION_COMMENTS = YES;
				CLANG_WARN_EMPTY_BODY = YES;
				CLANG_WARN_ENUM_CONVERSION = YES;
				CLANG_WARN_INFINITE_RECURSION = YES;
				CLANG_WARN_INT_CONVERSION = YES;
				CLANG_WARN_NON_LITERAL_NULL_CONVERSION = YES;
				CLANG_WARN_OBJC_IMPLICIT_RETAIN_SELF = YES;
				CLANG_WARN_OBJC_LITERAL_CONVERSION = YES;
				CLANG_WARN_OBJC_ROOT_CLASS = YES_ERROR;
				CLANG_WARN_QUOTED_INCLUDE_IN_FRAMEWORK_HEADER = YES;
				CLANG_WARN_RANGE_LOOP_ANALYSIS = YES;
				CLANG_WARN_STRICT_PROTOTYPES = YES;
				CLANG_WARN_SUSPICIOUS_MOVE = YES;
				CLANG_WARN_UNGUARDED_AVAILABILITY = YES_AGGRESSIVE;
				CLANG_WARN_UNREACHABLE_CODE = YES;
				CLANG_WARN__DUPLICATE_METHOD_MATCH = YES;
				COPY_PHASE_STRIP = NO;
				DEBUG_INFORMATION_FORMAT = dwarf;
				ENABLE_STRICT_OBJC_MSGSEND = YES;
				ENABLE_TESTABILITY = YES;
				ENABLE_USER_SCRIPT_SANDBOXING = YES;
				GCC_C_LANGUAGE_STANDARD = gnu17;
				GCC_DYNAMIC_NO_PIC = NO;
				GCC_NO_COMMON_BLOCKS = YES;
				GCC_OPTIMIZATION_LEVEL = 0;
				GCC_PREPROCESSOR_DEFINITIONS = (
					"DEBUG=1",
					"$(inherited)",
				);
				GCC_WARN_64_TO_32_BIT_CONVERSION = YES;
				GCC_WARN_ABOUT_RETURN_TYPE = YES_ERROR;
				GCC_WARN_UNDECLARED_SELECTOR = YES;
				GCC_WARN_UNINITIALIZED_AUTOS = YES_AGGRESSIVE;
				GCC_WARN_UNUSED_FUNCTION = YES;
				GCC_WARN_UNUSED_VARIABLE = YES;
				IPHONEOS_DEPLOYMENT_TARGET = 18.2;
				LOCALIZATION_PREFERS_STRING_CATALOGS = YES;
				MTL_ENABLE_DEBUG_INFO = INCLUDE_SOURCE;
				MTL_FAST_MATH = YES;
				ONLY_ACTIVE_ARCH = YES;
				SDKROOT = iphoneos;
				SWIFT_ACTIVE_COMPILATION_CONDITIONS = "DEBUG $(inherited)";
				SWIFT_OPTIMIZATION_LEVEL = "-Onone";
			};
			name = Debug;
		};
		EE4972692E0B855C00D63C80 /* Release */ = {
			isa = XCBuildConfiguration;
			buildSettings = {
				ALWAYS_SEARCH_USER_PATHS = NO;
				ASSETCATALOG_COMPILER_GENERATE_SWIFT_ASSET_SYMBOL_EXTENSIONS = YES;
				CLANG_ANALYZER_NONNULL = YES;
				CLANG_ANALYZER_NUMBER_OBJECT_CONVERSION = YES_AGGRESSIVE;
				CLANG_CXX_LANGUAGE_STANDARD = "gnu++20";
				CLANG_ENABLE_MODULES = YES;
				CLANG_ENABLE_OBJC_ARC = YES;
				CLANG_ENABLE_OBJC_WEAK = YES;
				CLANG_WARN_BLOCK_CAPTURE_AUTORELEASING = YES;
				CLANG_WARN_BOOL_CONVERSION = YES;
				CLANG_WARN_COMMA = YES;
				CLANG_WARN_CONSTANT_CONVERSION = YES;
				CLANG_WARN_DEPRECATED_OBJC_IMPLEMENTATIONS = YES;
				CLANG_WARN_DIRECT_OBJC_ISA_USAGE = YES_ERROR;
				CLANG_WARN_DOCUMENTATION_COMMENTS = YES;
				CLANG_WARN_EMPTY_BODY = YES;
				CLANG_WARN_ENUM_CONVERSION = YES;
				CLANG_WARN_INFINITE_RECURSION = YES;
				CLANG_WARN_INT_CONVERSION = YES;
				CLANG_WARN_NON_LITERAL_NULL_CONVERSION = YES;
				CLANG_WARN_OBJC_IMPLICIT_RETAIN_SELF = YES;
				CLANG_WARN_OBJC_LITERAL_CONVERSION = YES;
				CLANG_WARN_OBJC_ROOT_CLASS = YES_ERROR;
				CLANG_WARN_QUOTED_INCLUDE_IN_FRAMEWORK_HEADER = YES;
				CLANG_WARN_RANGE_LOOP_ANALYSIS = YES;
				CLANG_WARN_STRICT_PROTOTYPES = YES;
				CLANG_WARN_SUSPICIOUS_MOVE = YES;
				CLANG_WARN_UNGUARDED_AVAILABILITY = YES_AGGRESSIVE;
				CLANG_WARN_UNREACHABLE_CODE = YES;
				CLANG_WARN__DUPLICATE_METHOD_MATCH = YES;
				COPY_PHASE_STRIP = NO;
				DEBUG_INFORMATION_FORMAT = "dwarf-with-dsym";
				ENABLE_NS_ASSERTIONS = NO;
				ENABLE_STRICT_OBJC_MSGSEND = YES;
				ENABLE_USER_SCRIPT_SANDBOXING = YES;
				GCC_C_LANGUAGE_STANDARD = gnu17;
				GCC_NO_COMMON_BLOCKS = YES;
				GCC_WARN_64_TO_32_BIT_CONVERSION = YES;
				GCC_WARN_ABOUT_RETURN_TYPE = YES_ERROR;
				GCC_WARN_UNDECLARED_SELECTOR = YES;
				GCC_WARN_UNINITIALIZED_AUTOS = YES_AGGRESSIVE;
				GCC_WARN_UNUSED_FUNCTION = YES;
				GCC_WARN_UNUSED_VARIABLE = YES;
				IPHONEOS_DEPLOYMENT_TARGET = 18.2;
				LOCALIZATION_PREFERS_STRING_CATALOGS = YES;
				MTL_ENABLE_DEBUG_INFO = NO;
				MTL_FAST_MATH = YES;
				SDKROOT = iphoneos;
				SWIFT_COMPILATION_MODE = wholemodule;
				VALIDATE_PRODUCT = YES;
			};
			name = Release;
		};
		EE49726B2E0B855C00D63C80 /* Debug */ = {
			isa = XCBuildConfiguration;
			baseConfigurationReference = EE4974F02E1B7C9700D63C80 /* Config.xcconfig */;
			buildSettings = {
				ASSETCATALOG_COMPILER_APPICON_NAME = AppIcon;
				ASSETCATALOG_COMPILER_GLOBAL_ACCENT_COLOR_NAME = AccentColor;
				CODE_SIGN_STYLE = Automatic;
				CURRENT_PROJECT_VERSION = 1;
				DEVELOPMENT_ASSET_PATHS = "\"CardNewsApp/Preview Content\"";
				DEVELOPMENT_TEAM = JVUXYR66CL;
				ENABLE_PREVIEWS = YES;
				GENERATE_INFOPLIST_FILE = NO;
				INFOPLIST_FILE = "CardNewsApp/Info.plist";
				IPHONEOS_DEPLOYMENT_TARGET = 17.0;
				LD_RUNPATH_SEARCH_PATHS = (
					"$(inherited)",
					"@executable_path/Frameworks",
				);
				MARKETING_VERSION = 1.0;
				PRODUCT_BUNDLE_IDENTIFIER = com.devjihwan.cardnewsapp.CardNewsApp;
				PRODUCT_NAME = QuickCard;
				SWIFT_EMIT_LOC_STRINGS = YES;
				SWIFT_VERSION = 5.0;
				TARGETED_DEVICE_FAMILY = "1,2";
			};
			name = Debug;
		};
		EE49726C2E0B855C00D63C80 /* Release */ = {
			isa = XCBuildConfiguration;
			baseConfigurationReference = EE4974F02E1B7C9700D63C80 /* Config.xcconfig */;
			buildSettings = {
				ASSETCATALOG_COMPILER_APPICON_NAME = AppIcon;
				ASSETCATALOG_COMPILER_GLOBAL_ACCENT_COLOR_NAME = AccentColor;
				CODE_SIGN_STYLE = Automatic;
				CURRENT_PROJECT_VERSION = 1;
				DEVELOPMENT_ASSET_PATHS = "\"CardNewsApp/Preview Content\"";
				DEVELOPMENT_TEAM = JVUXYR66CL;
				ENABLE_PREVIEWS = YES;
				GENERATE_INFOPLIST_FILE = NO;
				INFOPLIST_FILE = "CardNewsApp/Info.plist";
				IPHONEOS_DEPLOYMENT_TARGET = 17.0;
				LD_RUNPATH_SEARCH_PATHS = (
					"$(inherited)",
					"@executable_path/Frameworks",
				);
				MARKETING_VERSION = 1.0;
				PRODUCT_BUNDLE_IDENTIFIER = com.devjihwan.cardnewsapp.CardNewsApp;
				PRODUCT_NAME = QuickCard;
				SWIFT_EMIT_LOC_STRINGS = YES;
				SWIFT_VERSION = 5.0;
				TARGETED_DEVICE_FAMILY = "1,2";
			};
			name = Release;
		};
		EE49726E2E0B855C00D63C80 /* Debug */ = {
			isa = XCBuildConfiguration;
			buildSettings = {
				BUNDLE_LOADER = "$(TEST_HOST)";
				CODE_SIGN_STYLE = Automatic;
				CURRENT_PROJECT_VERSION = 1;
				GENERATE_INFOPLIST_FILE = YES;
				IPHONEOS_DEPLOYMENT_TARGET = 18.2;
				MARKETING_VERSION = 1.0;
				PRODUCT_BUNDLE_IDENTIFIER = com.devjihwan.cardnewsapp.CardNewsAppTests;
				PRODUCT_NAME = "$(TARGET_NAME)";
				SWIFT_EMIT_LOC_STRINGS = NO;
				SWIFT_VERSION = 5.0;
				TARGETED_DEVICE_FAMILY = "1,2";
				TEST_HOST = "$(BUILT_PRODUCTS_DIR)/QuickCard.app/$(BUNDLE_EXECUTABLE_FOLDER_PATH)/QuickCard";
			};
			name = Debug;
		};
		EE49726F2E0B855C00D63C80 /* Release */ = {
			isa = XCBuildConfiguration;
			buildSettings = {
				BUNDLE_LOADER = "$(TEST_HOST)";
				CODE_SIGN_STYLE = Automatic;
				CURRENT_PROJECT_VERSION = 1;
				GENERATE_INFOPLIST_FILE = YES;
				IPHONEOS_DEPLOYMENT_TARGET = 18.2;
				MARKETING_VERSION = 1.0;
				PRODUCT_BUNDLE_IDENTIFIER = com.devjihwan.cardnewsapp.CardNewsAppTests;
				PRODUCT_NAME = "$(TARGET_NAME)";
				SWIFT_EMIT_LOC_STRINGS = NO;
				SWIFT_VERSION = 5.0;
				TARGETED_DEVICE_FAMILY = "1,2";
				TEST_HOST = "$(BUILT_PRODUCTS_DIR)/QuickCard.app/$(BUNDLE_EXECUTABLE_FOLDER_PATH)/QuickCard";
			};
			name = Release;
		};
		EE4972712E0B855C00D63C80 /* Debug */ = {
			isa = XCBuildConfiguration;
			buildSettings = {
				CODE_SIGN_STYLE = Automatic;
				CURRENT_PROJECT_VERSION = 1;
				GENERATE_INFOPLIST_FILE = YES;
				MARKETING_VERSION = 1.0;
				PRODUCT_BUNDLE_IDENTIFIER = com.devjihwan.cardnewsapp.CardNewsAppUITests;
				PRODUCT_NAME = "$(TARGET_NAME)";
				SWIFT_EMIT_LOC_STRINGS = NO;
				SWIFT_VERSION = 5.0;
				TARGETED_DEVICE_FAMILY = "1,2";
				TEST_TARGET_NAME = CardNewsApp;
			};
			name = Debug;
		};
		EE4972722E0B855C00D63C80 /* Release */ = {
			isa = XCBuildConfiguration;
			buildSettings = {
				CODE_SIGN_STYLE = Automatic;
				CURRENT_PROJECT_VERSION = 1;
				GENERATE_INFOPLIST_FILE = YES;
				MARKETING_VERSION = 1.0;
				PRODUCT_BUNDLE_IDENTIFIER = com.devjihwan.cardnewsapp.CardNewsAppUITests;
				PRODUCT_NAME = "$(TARGET_NAME)";
				SWIFT_EMIT_LOC_STRINGS = NO;
				SWIFT_VERSION = 5.0;
				TARGETED_DEVICE_FAMILY = "1,2";
				TEST_TARGET_NAME = CardNewsApp;
			};
			name = Release;
		};
/* End XCBuildConfiguration section */

/* Begin XCConfigurationList section */
		EE4972412E0B855B00D63C80 /* Build configuration list for PBXProject "CardNewsApp" */ = {
			isa = XCConfigurationList;
			buildConfigurations = (
				EE4972682E0B855C00D63C80 /* Debug */,
				EE4972692E0B855C00D63C80 /* Release */,
			);
			defaultConfigurationIsVisible = 0;
			defaultConfigurationName = Release;
		};
		EE49726A2E0B855C00D63C80 /* Build configuration list for PBXNativeTarget "CardNewsApp" */ = {
			isa = XCConfigurationList;
			buildConfigurations = (
				EE49726B2E0B855C00D63C80 /* Debug */,
				EE49726C2E0B855C00D63C80 /* Release */,
			);
			defaultConfigurationIsVisible = 0;
			defaultConfigurationName = Release;
		};
		EE49726D2E0B855C00D63C80 /* Build configuration list for PBXNativeTarget "CardNewsAppTests" */ = {
			isa = XCConfigurationList;
			buildConfigurations = (
				EE49726E2E0B855C00D63C80 /* Debug */,
				EE49726F2E0B855C00D63C80 /* Release */,
			);
			defaultConfigurationIsVisible = 0;
			defaultConfigurationName = Release;
		};
		EE4972702E0B855C00D63C80 /* Build configuration list for PBXNativeTarget "CardNewsAppUITests" */ = {
			isa = XCConfigurationList;
			buildConfigurations = (
				EE4972712E0B855C00D63C80 /* Debug */,
				EE4972722E0B855C00D63C80 /* Release */,
			);
			defaultConfigurationIsVisible = 0;
			defaultConfigurationName = Release;
		};
/* End XCConfigurationList section */

/* Begin XCRemoteSwiftPackageReference section */
		EE49728E2E0B98B800D63C80 /* XCRemoteSwiftPackageReference "ZIPFoundation" */ = {
			isa = XCRemoteSwiftPackageReference;
			repositoryURL = "https://github.com/weichsel/ZIPFoundation.git";
			requirement = {
				kind = upToNextMajorVersion;
				minimumVersion = 0.9.19;
			};
		};
/* End XCRemoteSwiftPackageReference section */

/* Begin XCSwiftPackageProductDependency section */
		EE4972902E0B998A00D63C80 /* ZIPFoundation */ = {
			isa = XCSwiftPackageProductDependency;
			package = EE49728E2E0B98B800D63C80 /* XCRemoteSwiftPackageReference "ZIPFoundation" */;
			productName = ZIPFoundation;
		};
/* End XCSwiftPackageProductDependency section */
	};
	rootObject = EE49723E2E0B855B00D63C80 /* Project object */;
}
